
Microsoft Visual Studio Solution File, Format Version 12.00
# Visual Studio Version 16
VisualStudioVersion = 16.0.29306.81
MinimumVisualStudioVersion = 10.0.40219.1
Project("{FAE04EC0-301F-11D3-BF4B-00C04F79EFBC}") = "max_min", "max_min\max_min.csproj", "{482C6E55-647C-4597-8B76-AF3EC487F4BE}"
EndProject
Global
	GlobalSection(SolutionConfigurationPlatforms) = preSolution
		Debug|Any CPU = Debug|Any CPU
		Release|Any CPU = Release|Any CPU
	EndGlobalSection
	GlobalSection(ProjectConfigurationPlatforms) = postSolution
		{482C6E55-647C-4597-8B76-AF3EC487F4BE}.Debug|Any CPU.ActiveCfg = Debug|Any CPU
		{482C6E55-647C-4597-8B76-AF3EC487F4BE}.Debug|Any CPU.Build.0 = Debug|Any CPU
		{482C6E55-647C-4597-8B76-AF3EC487F4BE}.Release|Any CPU.ActiveCfg = Release|Any CPU
		{482C6E55-647C-4597-8B76-AF3EC487F4BE}.Release|Any CPU.Build.0 = Release|Any CPU
	EndGlobalSection
	GlobalSection(SolutionProperties) = preSolution
		HideSolutionNode = FALSE
	EndGlobalSection
	GlobalSection(ExtensibilityGlobals) = postSolution
		SolutionGuid = {73DE86ED-1096-4290-BB84-F6BFB95D5334}
	EndGlobalSection
EndGlobal
